// !$*UTF8*$!
{
	archiveVersion = 1;
	classes = {
	};
	objectVersion = 50;
	objects = {

/* Begin PBXBuildFile section */
		7E311861265BB4F8001AC182 /* BottomView.swift in Sources */ = {isa = PBXBuildFile; fileRef = 7E311860265BB4F8001AC182 /* BottomView.swift */; };
		7E335B08265AE90B006A0F89 /* KayakApp.swift in Sources */ = {isa = PBXBuildFile; fileRef = 7E335B07265AE90B006A0F89 /* KayakApp.swift */; };
		7E335B0A265AE90B006A0F89 /* HomePage.swift in Sources */ = {isa = PBXBuildFile; fileRef = 7E335B09265AE90B006A0F89 /* HomePage.swift */; };
		7E335B0C265AE910006A0F89 /* Assets.xcassets in Resources */ = {isa = PBXBuildFile; fileRef = 7E335B0B265AE910006A0F89 /* Assets.xcassets */; };
		7E335B0F265AE911006A0F89 /* Preview Assets.xcassets in Resources */ = {isa = PBXBuildFile; fileRef = 7E335B0E265AE911006A0F89 /* Preview Assets.xcassets */; };
		7E52FD2126619AA5003660BA /* Chips.swift in Sources */ = {isa = PBXBuildFile; fileRef = 7E52FD2026619AA5003660BA /* Chips.swift */; };
/* End PBXBuildFile section */

/* Begin PBXFileReference section */
		7E311860265BB4F8001AC182 /* BottomView.swift */ = {isa = PBXFileReference; lastKnownFileType = sourcecode.swift; path = BottomView.swift; sourceTree = "<group>"; };
		7E335B04265AE90B006A0F89 /* Kayak.app */ = {isa = PBXFileReference; explicitFileType = wrapper.application; includeInIndex = 0; path = Kayak.app; sourceTree = BUILT_PRODUCTS_DIR; };
		7E335B07265AE90B006A0F89 /* KayakApp.swift */ = {isa = PBXFileReference; lastKnownFileType = sourcecode.swift; path = KayakApp.swift; sourceTree = "<group>"; };
		7E335B09265AE90B006A0F89 /* HomePage.swift */ = {isa = PBXFileReference; lastKnownFileType = sourcecode.swift; path = HomePage.swift; sourceTree = "<group>"; };
		7E335B0B265AE910006A0F89 /* Assets.xcassets */ = {isa = PBXFileReference; lastKnownFileType = folder.assetcatalog; path = Assets.xcassets; sourceTree = "<group>"; };
		7E335B0E265AE911006A0F89 /* Preview Assets.xcassets */ = {isa = PBXFileReference; lastKnownFileType = folder.assetcatalog; path = "Preview Assets.xcassets"; sourceTree = "<group>"; };
		7E335B10265AE911006A0F89 /* Info.plist */ = {isa = PBXFileReference; lastKnownFileType = text.plist.xml; path = Info.plist; sourceTree = "<group>"; };
		7E52FD2026619AA5003660BA /* Chips.swift */ = {isa = PBXFileReference; lastKnownFileType = sourcecode.swift; path = Chips.swift; sourceTree = "<group>"; };
/* End PBXFileReference section */

/* Begin PBXFrameworksBuildPhase section */
		7E335B01265AE90B006A0F89 /* Frameworks */ = {
			isa = PBXFrameworksBuildPhase;
			buildActionMask = 2147483647;
			files = (
			);
			runOnlyForDeploymentPostprocessing = 0;
		};
/* End PBXFrameworksBuildPhase section */

/* Begin PBXGroup section */
		7E335AFB265AE90B006A0F89 = {
			isa = PBXGroup;
			children = (
				7E335B06265AE90B006A0F89 /* Kayak */,
				7E335B05265AE90B006A0F89 /* Products */,
			);
			sourceTree = "<group>";
		};
		7E335B05265AE90B006A0F89 /* Products */ = {
			isa = PBXGroup;
			children = (
				7E335B04265AE90B006A0F89 /* Kayak.app */,
			);
			name = Products;
			sourceTree = "<group>";
		};
		7E335B06265AE90B006A0F89 /* Kayak */ = {
			isa = PBXGroup;
			children = (
				7E335B07265AE90B006A0F89 /* KayakApp.swift */,
				7E52FD1E26619993003660BA /* Components */,
				7E52FD1F2661999D003660BA /* Pages */,
				7E335B0B265AE910006A0F89 /* Assets.xcassets */,
				7E335B10265AE911006A0F89 /* Info.plist */,
				7E335B0D265AE911006A0F89 /* Preview Content */,
			);
			path = Kayak;
			sourceTree = "<group>";
		};
		7E335B0D265AE911006A0F89 /* Preview Content */ = {
			isa = PBXGroup;
			children = (
				7E335B0E265AE911006A0F89 /* Preview Assets.xcassets */,
			);
			path = "Preview Content";
			sourceTree = "<group>";
		};
		7E52FD1E26619993003660BA /* Components */ = {
			isa = PBXGroup;
			children = (
				7E311860265BB4F8001AC182 /* BottomView.swift */,
				7E52FD2026619AA5003660BA /* Chips.swift */,
			);
			path = Components;
			sourceTree = "<group>";
		};
		7E52FD1F2661999D003660BA /* Pages */ = {
			isa = PBXGroup;
			children = (
				7E335B09265AE90B006A0F89 /* HomePage.swift */,
			);
			path = Pages;
			sourceTree = "<group>";
		};
/* End PBXGroup section */

/* Begin PBXNativeTarget section */
		7E335B03265AE90B006A0F89 /* Kayak */ = {
			isa = PBXNativeTarget;
			buildConfigurationList = 7E335B13265AE911006A0F89 /* Build configuration list for PBXNativeTarget "Kayak" */;
			buildPhases = (
				7E335B00265AE90B006A0F89 /* Sources */,
				7E335B01265AE90B006A0F89 /* Frameworks */,
				7E335B02265AE90B006A0F89 /* Resources */,
			);
			buildRules = (
			);
			dependencies = (
			);
			name = Kayak;
			productName = Kayak;
			productReference = 7E335B04265AE90B006A0F89 /* Kayak.app */;
			productType = "com.apple.product-type.application";
		};
/* End PBXNativeTarget section */

/* Begin PBXProject section */
		7E335AFC265AE90B006A0F89 /* Project object */ = {
			isa = PBXProject;
			attributes = {
				LastSwiftUpdateCheck = 1250;
				LastUpgradeCheck = 1250;
				TargetAttributes = {
					7E335B03265AE90B006A0F89 = {
						CreatedOnToolsVersion = 12.5;
					};
				};
			};
			buildConfigurationList = 7E335AFF265AE90B006A0F89 /* Build configuration list for PBXProject "Kayak" */;
			compatibilityVersion = "Xcode 9.3";
			developmentRegion = en;
			hasScannedForEncodings = 0;
			knownRegions = (
				en,
				Base,
			);
			mainGroup = 7E335AFB265AE90B006A0F89;
			productRefGroup = 7E335B05265AE90B006A0F89 /* Products */;
			projectDirPath = "";
			projectRoot = "";
			targets = (
				7E335B03265AE90B006A0F89 /* Kayak */,
			);
		};
/* End PBXProject section */

/* Begin PBXResourcesBuildPhase section */
		7E335B02265AE90B006A0F89 /* Resources */ = {
			isa = PBXResourcesBuildPhase;
			buildActionMask = 2147483647;
			files = (
				7E335B0F265AE911006A0F89 /* Preview Assets.xcassets in Resources */,
				7E335B0C265AE910006A0F89 /* Assets.xcassets in Resources */,
			);
			runOnlyForDeploymentPostprocessing = 0;
		};
/* End PBXResourcesBuildPhase section */

/* Begin PBXSourcesBuildPhase section */
		7E335B00265AE90B006A0F89 /* Sources */ = {
			isa = PBXSourcesBuildPhase;
			buildActionMask = 2147483647;
			files = (
				7E311861265BB4F8001AC182 /* BottomView.swift in Sources */,
				7E52FD2126619AA5003660BA /* Chips.swift in Sources */,
				7E335B0A265AE90B006A0F89 /* HomePage.swift in Sources */,
				7E335B08265AE90B006A0F89 /* KayakApp.swift in Sources */,
			);
			runOnlyForDeploymentPostprocessing = 0;
		};
/* End PBXSourcesBuildPhase section */

/* Begin XCBuildConfiguration section */
		7E335B11265AE911006A0F89 /* Debug */ = {
			isa = XCBuildConfiguration;
			buildSettings = {
				ALWAYS_SEARCH_USER_PATHS = NO;
				CLANG_ANALYZER_NONNULL = YES;
				CLANG_ANALYZER_NUMBER_OBJECT_CONVERSION = YES_AGGRESSIVE;
				CLANG_CXX_LANGUAGE_STANDARD = "gnu++14";
				CLANG_CXX_LIBRARY = "libc++";
				CLANG_ENABLE_MODULES = YES;
				CLANG_ENABLE_OBJC_ARC = YES;
				CLANG_ENABLE_OBJC_WEAK = YES;
				CLANG_WARN_BLOCK_CAPTURE_AUTORELEASING = YES;
				CLANG_WARN_BOOL_CONVERSION = YES;
				CLANG_WARN_COMMA = YES;
				CLANG_WARN_CONSTANT_CONVERSION = YES;
				CLANG_WARN_DEPRECATED_OBJC_IMPLEMENTATIONS = YES;
				CLANG_WARN_DIRECT_OBJC_ISA_USAGE = YES_ERROR;
				CLANG_WARN_DOCUMENTATION_COMMENTS = YES;
				CLANG_WARN_EMPTY_BODY = YES;
				CLANG_WARN_ENUM_CONVERSION = YES;
				CLANG_WARN_INFINITE_RECURSION = YES;
				CLANG_WARN_INT_CONVERSION = YES;
				CLANG_WARN_NON_LITERAL_NULL_CONVERSION = YES;
				CLANG_WARN_OBJC_IMPLICIT_RETAIN_SELF = YES;
				CLANG_WARN_OBJC_LITERAL_CONVERSION = YES;
				CLANG_WARN_OBJC_ROOT_CLASS = YES_ERROR;
				CLANG_WARN_QUOTED_INCLUDE_IN_FRAMEWORK_HEADER = YES;
				CLANG_WARN_RANGE_LOOP_ANALYSIS = YES;
				CLANG_WARN_STRICT_PROTOTYPES = YES;
				CLANG_WARN_SUSPICIOUS_MOVE = YES;
				CLANG_WARN_UNGUARDED_AVAILABILITY = YES_AGGRESSIVE;
				CLANG_WARN_UNREACHABLE_CODE = YES;
				CLANG_WARN__DUPLICATE_METHOD_MATCH = YES;
				COPY_PHASE_STRIP = NO;
				DEBUG_INFORMATION_FORMAT = dwarf;
				ENABLE_STRICT_OBJC_MSGSEND = YES;
				ENABLE_TESTABILITY = YES;
				GCC_C_LANGUAGE_STANDARD = gnu11;
				GCC_DYNAMIC_NO_PIC = NO;
				GCC_NO_COMMON_BLOCKS = YES;
				GCC_OPTIMIZATION_LEVEL = 0;
				GCC_PREPROCESSOR_DEFINITIONS = (
					"DEBUG=1",
					"$(inherited)",
				);
				GCC_WARN_64_TO_32_BIT_CONVERSION = YES;
				GCC_WARN_ABOUT_RETURN_TYPE = YES_ERROR;
				GCC_WARN_UNDECLARED_SELECTOR = YES;
				GCC_WARN_UNINITIALIZED_AUTOS = YES_AGGRESSIVE;
				GCC_WARN_UNUSED_FUNCTION = YES;
				GCC_WARN_UNUSED_VARIABLE = YES;
				IPHONEOS_DEPLOYMENT_TARGET = 14.5;
				MTL_ENABLE_DEBUG_INFO = INCLUDE_SOURCE;
				MTL_FAST_MATH = YES;
				ONLY_ACTIVE_ARCH = YES;
				SDKROOT = iphoneos;
				SWIFT_ACTIVE_COMPILATION_CONDITIONS = DEBUG;
				SWIFT_OPTIMIZATION_LEVEL = "-Onone";
			};
			name = Debug;
		};
		7E335B12265AE911006A0F89 /* Release */ = {
			isa = XCBuildConfiguration;
			buildSettings = {
				ALWAYS_SEARCH_USER_PATHS = NO;
				CLANG_ANALYZER_NONNULL = YES;
				CLANG_ANALYZER_NUMBER_OBJECT_CONVERSION = YES_AGGRESSIVE;
				CLANG_CXX_LANGUAGE_STANDARD = "gnu++14";
				CLANG_CXX_LIBRARY = "libc++";
				CLANG_ENABLE_MODULES = YES;
				CLANG_ENABLE_OBJC_ARC = YES;
				CLANG_ENABLE_OBJC_WEAK = YES;
				CLANG_WARN_BLOCK_CAPTURE_AUTORELEASING = YES;
				CLANG_WARN_BOOL_CONVERSION = YES;
				CLANG_WARN_COMMA = YES;
				CLANG_WARN_CONSTANT_CONVERSION = YES;
				CLANG_WARN_DEPRECATED_OBJC_IMPLEMENTATIONS = YES;
				CLANG_WARN_DIRECT_OBJC_ISA_USAGE = YES_ERROR;
				CLANG_WARN_DOCUMENTATION_COMMENTS = YES;
				CLANG_WARN_EMPTY_BODY = YES;
				CLANG_WARN_ENUM_CONVERSION = YES;
				CLANG_WARN_INFINITE_RECURSION = YES;
				CLANG_WARN_INT_CONVERSION = YES;
				CLANG_WARN_NON_LITERAL_NULL_CONVERSION = YES;
				CLANG_WARN_OBJC_IMPLICIT_RETAIN_SELF = YES;
				CLANG_WARN_OBJC_LITERAL_CONVERSION = YES;
				CLANG_WARN_OBJC_ROOT_CLASS = YES_ERROR;
				CLANG_WARN_QUOTED_INCLUDE_IN_FRAMEWORK_HEADER = YES;
				CLANG_WARN_RANGE_LOOP_ANALYSIS = YES;
				CLANG_WARN_STRICT_PROTOTYPES = YES;
				CLANG_WARN_SUSPICIOUS_MOVE = YES;
				CLANG_WARN_UNGUARDED_AVAILABILITY = YES_AGGRESSIVE;
				CLANG_WARN_UNREACHABLE_CODE = YES;
				CLANG_WARN__DUPLICATE_METHOD_MATCH = YES;
				COPY_PHASE_STRIP = NO;
				DEBUG_INFORMATION_FORMAT = "dwarf-with-dsym";
				ENABLE_NS_ASSERTIONS = NO;
				ENABLE_STRICT_OBJC_MSGSEND = YES;
				GCC_C_LANGUAGE_STANDARD = gnu11;
				GCC_NO_COMMON_BLOCKS = YES;
				GCC_WARN_64_TO_32_BIT_CONVERSION = YES;
				GCC_WARN_ABOUT_RETURN_TYPE = YES_ERROR;
				GCC_WARN_UNDECLARED_SELECTOR = YES;
				GCC_WARN_UNINITIALIZED_AUTOS = YES_AGGRESSIVE;
				GCC_WARN_UNUSED_FUNCTION = YES;
				GCC_WARN_UNUSED_VARIABLE = YES;
				IPHONEOS_DEPLOYMENT_TARGET = 14.5;
				MTL_ENABLE_DEBUG_INFO = NO;
				MTL_FAST_MATH = YES;
				SDKROOT = iphoneos;
				SWIFT_COMPILATION_MODE = wholemodule;
				SWIFT_OPTIMIZATION_LEVEL = "-O";
				VALIDATE_PRODUCT = YES;
			};
			name = Release;
		};
		7E335B14265AE911006A0F89 /* Debug */ = {
			isa = XCBuildConfiguration;
			buildSettings = {
				ASSETCATALOG_COMPILER_APPICON_NAME = AppIcon;
				ASSETCATALOG_COMPILER_GLOBAL_ACCENT_COLOR_NAME = AccentColor;
				CODE_SIGN_STYLE = Automatic;
				DEVELOPMENT_ASSET_PATHS = "\"Kayak/Preview Content\"";
				DEVELOPMENT_TEAM = 6AK4U95K66;
				ENABLE_PREVIEWS = YES;
				INFOPLIST_FILE = Kayak/Info.plist;
				IPHONEOS_DEPLOYMENT_TARGET = 14.0;
				LD_RUNPATH_SEARCH_PATHS = (
					"$(inherited)",
					"@executable_path/Frameworks",
				);
				PRODUCT_BUNDLE_IDENTIFIER = com.dzlatan.Kayak;
				PRODUCT_NAME = "$(TARGET_NAME)";
				SWIFT_VERSION = 5.0;
				TARGETED_DEVICE_FAMILY = "1,2";
			};
			name = Debug;
		};
		7E335B15265AE911006A0F89 /* Release */ = {
			isa = XCBuildConfiguration;
			buildSettings = {
				ASSETCATALOG_COMPILER_APPICON_NAME = AppIcon;
				ASSETCATALOG_COMPILER_GLOBAL_ACCENT_COLOR_NAME = AccentColor;
				CODE_SIGN_STYLE = Automatic;
				DEVELOPMENT_ASSET_PATHS = "\"Kayak/Preview Content\"";
				DEVELOPMENT_TEAM = 6AK4U95K66;
				ENABLE_PREVIEWS = YES;
				INFOPLIST_FILE = Kayak/Info.plist;
				IPHONEOS_DEPLOYMENT_TARGET = 14.0;
				LD_RUNPATH_SEARCH_PATHS = (
					"$(inherited)",
					"@executable_path/Frameworks",
				);
				PRODUCT_BUNDLE_IDENTIFIER = com.dzlatan.Kayak;
				PRODUCT_NAME = "$(TARGET_NAME)";
				SWIFT_VERSION = 5.0;
				TARGETED_DEVICE_FAMILY = "1,2";
			};
			name = Release;
		};
/* End XCBuildConfiguration section */

/* Begin XCConfigurationList section */
		7E335AFF265AE90B006A0F89 /* Build configuration list for PBXProject "Kayak" */ = {
			isa = XCConfigurationList;
			buildConfigurations = (
				7E335B11265AE911006A0F89 /* Debug */,
				7E335B12265AE911006A0F89 /* Release */,
			);
			defaultConfigurationIsVisible = 0;
			defaultConfigurationName = Release;
		};
		7E335B13265AE911006A0F89 /* Build configuration list for PBXNativeTarget "Kayak" */ = {
			isa = XCConfigurationList;
			buildConfigurations = (
				7E335B14265AE911006A0F89 /* Debug */,
				7E335B15265AE911006A0F89 /* Release */,
			);
			defaultConfigurationIsVisible = 0;
			defaultConfigurationName = Release;
		};
/* End XCConfigurationList section */
	};
	rootObject = 7E335AFC265AE90B006A0F89 /* Project object */;
}
